// !$*UTF8*$!
{
	archiveVersion = 1;
	classes = {
	};
	objectVersion = 56;
	objects = {

/* Begin PBXBuildFile section */
		3A0E80842A84F16600F09B71 /* ios_sdk_demoApp.swift in Sources */ = {isa = PBXBuildFile; fileRef = 3A0E80832A84F16600F09B71 /* ios_sdk_demoApp.swift */; };
		3A0E80862A84F16600F09B71 /* ContentView.swift in Sources */ = {isa = PBXBuildFile; fileRef = 3A0E80852A84F16600F09B71 /* ContentView.swift */; };
		3A0E80882A84F16700F09B71 /* Assets.xcassets in Resources */ = {isa = PBXBuildFile; fileRef = 3A0E80872A84F16700F09B71 /* Assets.xcassets */; };
		3A0E808B2A84F16700F09B71 /* Preview Assets.xcassets in Resources */ = {isa = PBXBuildFile; fileRef = 3A0E808A2A84F16700F09B71 /* Preview Assets.xcassets */; };
		3A0E80952A84F16700F09B71 /* ios_sdk_demoTests.swift in Sources */ = {isa = PBXBuildFile; fileRef = 3A0E80942A84F16700F09B71 /* ios_sdk_demoTests.swift */; };
		3A0E809F2A84F16700F09B71 /* ios_sdk_demoUITests.swift in Sources */ = {isa = PBXBuildFile; fileRef = 3A0E809E2A84F16700F09B71 /* ios_sdk_demoUITests.swift */; };
		3A0E80A12A84F16700F09B71 /* ios_sdk_demoUITestsLaunchTests.swift in Sources */ = {isa = PBXBuildFile; fileRef = 3A0E80A02A84F16700F09B71 /* ios_sdk_demoUITestsLaunchTests.swift */; };
		3A0E80B52A85030300F09B71 /* ios-custom-auth-auth-sdk in Frameworks */ = {isa = PBXBuildFile; productRef = 3A0E80B42A85030300F09B71 /* ios-custom-auth-auth-sdk */; };
/* End PBXBuildFile section */

/* Begin PBXContainerItemProxy section */
		3A0E80912A84F16700F09B71 /* PBXContainerItemProxy */ = {
			isa = PBXContainerItemProxy;
			containerPortal = 3A0E80782A84F16600F09B71 /* Project object */;
			proxyType = 1;
			remoteGlobalIDString = 3A0E807F2A84F16600F09B71;
			remoteInfo = "ios-sdk-demo";
		};
		3A0E809B2A84F16700F09B71 /* PBXContainerItemProxy */ = {
			isa = PBXContainerItemProxy;
			containerPortal = 3A0E80782A84F16600F09B71 /* Project object */;
			proxyType = 1;
			remoteGlobalIDString = 3A0E807F2A84F16600F09B71;
			remoteInfo = "ios-sdk-demo";
		};
/* End PBXContainerItemProxy section */

/* Begin PBXFileReference section */
		3A0E80802A84F16600F09B71 /* ios-sdk-demo.app */ = {isa = PBXFileReference; explicitFileType = wrapper.application; includeInIndex = 0; path = "ios-sdk-demo.app"; sourceTree = BUILT_PRODUCTS_DIR; };
		3A0E80832A84F16600F09B71 /* ios_sdk_demoApp.swift */ = {isa = PBXFileReference; lastKnownFileType = sourcecode.swift; path = ios_sdk_demoApp.swift; sourceTree = "<group>"; };
		3A0E80852A84F16600F09B71 /* ContentView.swift */ = {isa = PBXFileReference; lastKnownFileType = sourcecode.swift; path = ContentView.swift; sourceTree = "<group>"; };
		3A0E80872A84F16700F09B71 /* Assets.xcassets */ = {isa = PBXFileReference; lastKnownFileType = folder.assetcatalog; path = Assets.xcassets; sourceTree = "<group>"; };
		3A0E808A2A84F16700F09B71 /* Preview Assets.xcassets */ = {isa = PBXFileReference; lastKnownFileType = folder.assetcatalog; path = "Preview Assets.xcassets"; sourceTree = "<group>"; };
		3A0E80902A84F16700F09B71 /* ios-sdk-demoTests.xctest */ = {isa = PBXFileReference; explicitFileType = wrapper.cfbundle; includeInIndex = 0; path = "ios-sdk-demoTests.xctest"; sourceTree = BUILT_PRODUCTS_DIR; };
		3A0E80942A84F16700F09B71 /* ios_sdk_demoTests.swift */ = {isa = PBXFileReference; lastKnownFileType = sourcecode.swift; path = ios_sdk_demoTests.swift; sourceTree = "<group>"; };
		3A0E809A2A84F16700F09B71 /* ios-sdk-demoUITests.xctest */ = {isa = PBXFileReference; explicitFileType = wrapper.cfbundle; includeInIndex = 0; path = "ios-sdk-demoUITests.xctest"; sourceTree = BUILT_PRODUCTS_DIR; };
		3A0E809E2A84F16700F09B71 /* ios_sdk_demoUITests.swift */ = {isa = PBXFileReference; lastKnownFileType = sourcecode.swift; path = ios_sdk_demoUITests.swift; sourceTree = "<group>"; };
		3A0E80A02A84F16700F09B71 /* ios_sdk_demoUITestsLaunchTests.swift */ = {isa = PBXFileReference; lastKnownFileType = sourcecode.swift; path = ios_sdk_demoUITestsLaunchTests.swift; sourceTree = "<group>"; };
/* End PBXFileReference section */

/* Begin PBXFrameworksBuildPhase section */
		3A0E807D2A84F16600F09B71 /* Frameworks */ = {
			isa = PBXFrameworksBuildPhase;
			buildActionMask = 2147483647;
			files = (
				3A0E80B52A85030300F09B71 /* ios-custom-auth-auth-sdk in Frameworks */,
			);
			runOnlyForDeploymentPostprocessing = 0;
		};
		3A0E808D2A84F16700F09B71 /* Frameworks */ = {
			isa = PBXFrameworksBuildPhase;
			buildActionMask = 2147483647;
			files = (
			);
			runOnlyForDeploymentPostprocessing = 0;
		};
		3A0E80972A84F16700F09B71 /* Frameworks */ = {
			isa = PBXFrameworksBuildPhase;
			buildActionMask = 2147483647;
			files = (
			);
			runOnlyForDeploymentPostprocessing = 0;
		};
/* End PBXFrameworksBuildPhase section */

/* Begin PBXGroup section */
		3A0E80772A84F16600F09B71 = {
			isa = PBXGroup;
			children = (
				3A0E80822A84F16600F09B71 /* ios-sdk-demo */,
				3A0E80932A84F16700F09B71 /* ios-sdk-demoTests */,
				3A0E809D2A84F16700F09B71 /* ios-sdk-demoUITests */,
				3A0E80812A84F16600F09B71 /* Products */,
			);
			sourceTree = "<group>";
		};
		3A0E80812A84F16600F09B71 /* Products */ = {
			isa = PBXGroup;
			children = (
				3A0E80802A84F16600F09B71 /* ios-sdk-demo.app */,
				3A0E80902A84F16700F09B71 /* ios-sdk-demoTests.xctest */,
				3A0E809A2A84F16700F09B71 /* ios-sdk-demoUITests.xctest */,
			);
			name = Products;
			sourceTree = "<group>";
		};
		3A0E80822A84F16600F09B71 /* ios-sdk-demo */ = {
			isa = PBXGroup;
			children = (
				3A0E80832A84F16600F09B71 /* ios_sdk_demoApp.swift */,
				3A0E80852A84F16600F09B71 /* ContentView.swift */,
				3A0E80872A84F16700F09B71 /* Assets.xcassets */,
				3A0E80892A84F16700F09B71 /* Preview Content */,
			);
			path = "ios-sdk-demo";
			sourceTree = "<group>";
		};
		3A0E80892A84F16700F09B71 /* Preview Content */ = {
			isa = PBXGroup;
			children = (
				3A0E808A2A84F16700F09B71 /* Preview Assets.xcassets */,
			);
			path = "Preview Content";
			sourceTree = "<group>";
		};
		3A0E80932A84F16700F09B71 /* ios-sdk-demoTests */ = {
			isa = PBXGroup;
			children = (
				3A0E80942A84F16700F09B71 /* ios_sdk_demoTests.swift */,
			);
			path = "ios-sdk-demoTests";
			sourceTree = "<group>";
		};
		3A0E809D2A84F16700F09B71 /* ios-sdk-demoUITests */ = {
			isa = PBXGroup;
			children = (
				3A0E809E2A84F16700F09B71 /* ios_sdk_demoUITests.swift */,
				3A0E80A02A84F16700F09B71 /* ios_sdk_demoUITestsLaunchTests.swift */,
			);
			path = "ios-sdk-demoUITests";
			sourceTree = "<group>";
		};
/* End PBXGroup section */

/* Begin PBXNativeTarget section */
		3A0E807F2A84F16600F09B71 /* ios-sdk-demo */ = {
			isa = PBXNativeTarget;
			buildConfigurationList = 3A0E80A42A84F16700F09B71 /* Build configuration list for PBXNativeTarget "ios-sdk-demo" */;
			buildPhases = (
				3A0E807C2A84F16600F09B71 /* Sources */,
				3A0E807D2A84F16600F09B71 /* Frameworks */,
				3A0E807E2A84F16600F09B71 /* Resources */,
			);
			buildRules = (
			);
			dependencies = (
			);
			name = "ios-sdk-demo";
			packageProductDependencies = (
				3A0E80B42A85030300F09B71 /* ios-custom-auth-auth-sdk */,
			);
			productName = "ios-sdk-demo";
			productReference = 3A0E80802A84F16600F09B71 /* ios-sdk-demo.app */;
			productType = "com.apple.product-type.application";
		};
		3A0E808F2A84F16700F09B71 /* ios-sdk-demoTests */ = {
			isa = PBXNativeTarget;
			buildConfigurationList = 3A0E80A72A84F16700F09B71 /* Build configuration list for PBXNativeTarget "ios-sdk-demoTests" */;
			buildPhases = (
				3A0E808C2A84F16700F09B71 /* Sources */,
				3A0E808D2A84F16700F09B71 /* Frameworks */,
				3A0E808E2A84F16700F09B71 /* Resources */,
			);
			buildRules = (
			);
			dependencies = (
				3A0E80922A84F16700F09B71 /* PBXTargetDependency */,
			);
			name = "ios-sdk-demoTests";
			productName = "ios-sdk-demoTests";
			productReference = 3A0E80902A84F16700F09B71 /* ios-sdk-demoTests.xctest */;
			productType = "com.apple.product-type.bundle.unit-test";
		};
		3A0E80992A84F16700F09B71 /* ios-sdk-demoUITests */ = {
			isa = PBXNativeTarget;
			buildConfigurationList = 3A0E80AA2A84F16700F09B71 /* Build configuration list for PBXNativeTarget "ios-sdk-demoUITests" */;
			buildPhases = (
				3A0E80962A84F16700F09B71 /* Sources */,
				3A0E80972A84F16700F09B71 /* Frameworks */,
				3A0E80982A84F16700F09B71 /* Resources */,
			);
			buildRules = (
			);
			dependencies = (
				3A0E809C2A84F16700F09B71 /* PBXTargetDependency */,
			);
			name = "ios-sdk-demoUITests";
			productName = "ios-sdk-demoUITests";
			productReference = 3A0E809A2A84F16700F09B71 /* ios-sdk-demoUITests.xctest */;
			productType = "com.apple.product-type.bundle.ui-testing";
		};
/* End PBXNativeTarget section */

/* Begin PBXProject section */
		3A0E80782A84F16600F09B71 /* Project object */ = {
			isa = PBXProject;
			attributes = {
				BuildIndependentTargetsInParallel = 1;
				LastSwiftUpdateCheck = 1430;
				LastUpgradeCheck = 1430;
				TargetAttributes = {
					3A0E807F2A84F16600F09B71 = {
						CreatedOnToolsVersion = 14.3.1;
					};
					3A0E808F2A84F16700F09B71 = {
						CreatedOnToolsVersion = 14.3.1;
						TestTargetID = 3A0E807F2A84F16600F09B71;
					};
					3A0E80992A84F16700F09B71 = {
						CreatedOnToolsVersion = 14.3.1;
						TestTargetID = 3A0E807F2A84F16600F09B71;
					};
				};
			};
			buildConfigurationList = 3A0E807B2A84F16600F09B71 /* Build configuration list for PBXProject "ios-sdk-demo" */;
			compatibilityVersion = "Xcode 14.0";
			developmentRegion = en;
			hasScannedForEncodings = 0;
			knownRegions = (
				en,
				Base,
			);
			mainGroup = 3A0E80772A84F16600F09B71;
			packageReferences = (
				3A0E80B32A85030300F09B71 /* XCRemoteSwiftPackageReference "ios-custom-auth-sdk" */,
			);
			productRefGroup = 3A0E80812A84F16600F09B71 /* Products */;
			projectDirPath = "";
			projectRoot = "";
			targets = (
				3A0E807F2A84F16600F09B71 /* ios-sdk-demo */,
				3A0E808F2A84F16700F09B71 /* ios-sdk-demoTests */,
				3A0E80992A84F16700F09B71 /* ios-sdk-demoUITests */,
			);
		};
/* End PBXProject section */

/* Begin PBXResourcesBuildPhase section */
		3A0E807E2A84F16600F09B71 /* Resources */ = {
			isa = PBXResourcesBuildPhase;
			buildActionMask = 2147483647;
			files = (
				3A0E808B2A84F16700F09B71 /* Preview Assets.xcassets in Resources */,
				3A0E80882A84F16700F09B71 /* Assets.xcassets in Resources */,
			);
			runOnlyForDeploymentPostprocessing = 0;
		};
		3A0E808E2A84F16700F09B71 /* Resources */ = {
			isa = PBXResourcesBuildPhase;
			buildActionMask = 2147483647;
			files = (
			);
			runOnlyForDeploymentPostprocessing = 0;
		};
		3A0E80982A84F16700F09B71 /* Resources */ = {
			isa = PBXResourcesBuildPhase;
			buildActionMask = 2147483647;
			files = (
			);
			runOnlyForDeploymentPostprocessing = 0;
		};
/* End PBXResourcesBuildPhase section */

/* Begin PBXSourcesBuildPhase section */
		3A0E807C2A84F16600F09B71 /* Sources */ = {
			isa = PBXSourcesBuildPhase;
			buildActionMask = 2147483647;
			files = (
				3A0E80862A84F16600F09B71 /* ContentView.swift in Sources */,
				3A0E80842A84F16600F09B71 /* ios_sdk_demoApp.swift in Sources */,
			);
			runOnlyForDeploymentPostprocessing = 0;
		};
		3A0E808C2A84F16700F09B71 /* Sources */ = {
			isa = PBXSourcesBuildPhase;
			buildActionMask = 2147483647;
			files = (
				3A0E80952A84F16700F09B71 /* ios_sdk_demoTests.swift in Sources */,
			);
			runOnlyForDeploymentPostprocessing = 0;
		};
		3A0E80962A84F16700F09B71 /* Sources */ = {
			isa = PBXSourcesBuildPhase;
			buildActionMask = 2147483647;
			files = (
				3A0E80A12A84F16700F09B71 /* ios_sdk_demoUITestsLaunchTests.swift in Sources */,
				3A0E809F2A84F16700F09B71 /* ios_sdk_demoUITests.swift in Sources */,
			);
			runOnlyForDeploymentPostprocessing = 0;
		};
/* End PBXSourcesBuildPhase section */

/* Begin PBXTargetDependency section */
		3A0E80922A84F16700F09B71 /* PBXTargetDependency */ = {
			isa = PBXTargetDependency;
			target = 3A0E807F2A84F16600F09B71 /* ios-sdk-demo */;
			targetProxy = 3A0E80912A84F16700F09B71 /* PBXContainerItemProxy */;
		};
		3A0E809C2A84F16700F09B71 /* PBXTargetDependency */ = {
			isa = PBXTargetDependency;
			target = 3A0E807F2A84F16600F09B71 /* ios-sdk-demo */;
			targetProxy = 3A0E809B2A84F16700F09B71 /* PBXContainerItemProxy */;
		};
/* End PBXTargetDependency section */

/* Begin XCBuildConfiguration section */
		3A0E80A22A84F16700F09B71 /* Debug */ = {
			isa = XCBuildConfiguration;
			buildSettings = {
				ALWAYS_SEARCH_USER_PATHS = NO;
				CLANG_ANALYZER_NONNULL = YES;
				CLANG_ANALYZER_NUMBER_OBJECT_CONVERSION = YES_AGGRESSIVE;
				CLANG_CXX_LANGUAGE_STANDARD = "gnu++20";
				CLANG_ENABLE_MODULES = YES;
				CLANG_ENABLE_OBJC_ARC = YES;
				CLANG_ENABLE_OBJC_WEAK = YES;
				CLANG_WARN_BLOCK_CAPTURE_AUTORELEASING = YES;
				CLANG_WARN_BOOL_CONVERSION = YES;
				CLANG_WARN_COMMA = YES;
				CLANG_WARN_CONSTANT_CONVERSION = YES;
				CLANG_WARN_DEPRECATED_OBJC_IMPLEMENTATIONS = YES;
				CLANG_WARN_DIRECT_OBJC_ISA_USAGE = YES_ERROR;
				CLANG_WARN_DOCUMENTATION_COMMENTS = YES;
				CLANG_WARN_EMPTY_BODY = YES;
				CLANG_WARN_ENUM_CONVERSION = YES;
				CLANG_WARN_INFINITE_RECURSION = YES;
				CLANG_WARN_INT_CONVERSION = YES;
				CLANG_WARN_NON_LITERAL_NULL_CONVERSION = YES;
				CLANG_WARN_OBJC_IMPLICIT_RETAIN_SELF = YES;
				CLANG_WARN_OBJC_LITERAL_CONVERSION = YES;
				CLANG_WARN_OBJC_ROOT_CLASS = YES_ERROR;
				CLANG_WARN_QUOTED_INCLUDE_IN_FRAMEWORK_HEADER = YES;
				CLANG_WARN_RANGE_LOOP_ANALYSIS = YES;
				CLANG_WARN_STRICT_PROTOTYPES = YES;
				CLANG_WARN_SUSPICIOUS_MOVE = YES;
				CLANG_WARN_UNGUARDED_AVAILABILITY = YES_AGGRESSIVE;
				CLANG_WARN_UNREACHABLE_CODE = YES;
				CLANG_WARN__DUPLICATE_METHOD_MATCH = YES;
				COPY_PHASE_STRIP = NO;
				DEBUG_INFORMATION_FORMAT = dwarf;
				ENABLE_STRICT_OBJC_MSGSEND = YES;
				ENABLE_TESTABILITY = YES;
				GCC_C_LANGUAGE_STANDARD = gnu11;
				GCC_DYNAMIC_NO_PIC = NO;
				GCC_NO_COMMON_BLOCKS = YES;
				GCC_OPTIMIZATION_LEVEL = 0;
				GCC_PREPROCESSOR_DEFINITIONS = (
					"DEBUG=1",
					"$(inherited)",
				);
				GCC_WARN_64_TO_32_BIT_CONVERSION = YES;
				GCC_WARN_ABOUT_RETURN_TYPE = YES_ERROR;
				GCC_WARN_UNDECLARED_SELECTOR = YES;
				GCC_WARN_UNINITIALIZED_AUTOS = YES_AGGRESSIVE;
				GCC_WARN_UNUSED_FUNCTION = YES;
				GCC_WARN_UNUSED_VARIABLE = YES;
				IPHONEOS_DEPLOYMENT_TARGET = 16.4;
				MTL_ENABLE_DEBUG_INFO = INCLUDE_SOURCE;
				MTL_FAST_MATH = YES;
				ONLY_ACTIVE_ARCH = YES;
				SDKROOT = iphoneos;
				SWIFT_ACTIVE_COMPILATION_CONDITIONS = DEBUG;
				SWIFT_OPTIMIZATION_LEVEL = "-Onone";
			};
			name = Debug;
		};
		3A0E80A32A84F16700F09B71 /* Release */ = {
			isa = XCBuildConfiguration;
			buildSettings = {
				ALWAYS_SEARCH_USER_PATHS = NO;
				CLANG_ANALYZER_NONNULL = YES;
				CLANG_ANALYZER_NUMBER_OBJECT_CONVERSION = YES_AGGRESSIVE;
				CLANG_CXX_LANGUAGE_STANDARD = "gnu++20";
				CLANG_ENABLE_MODULES = YES;
				CLANG_ENABLE_OBJC_ARC = YES;
				CLANG_ENABLE_OBJC_WEAK = YES;
				CLANG_WARN_BLOCK_CAPTURE_AUTORELEASING = YES;
				CLANG_WARN_BOOL_CONVERSION = YES;
				CLANG_WARN_COMMA = YES;
				CLANG_WARN_CONSTANT_CONVERSION = YES;
				CLANG_WARN_DEPRECATED_OBJC_IMPLEMENTATIONS = YES;
				CLANG_WARN_DIRECT_OBJC_ISA_USAGE = YES_ERROR;
				CLANG_WARN_DOCUMENTATION_COMMENTS = YES;
				CLANG_WARN_EMPTY_BODY = YES;
				CLANG_WARN_ENUM_CONVERSION = YES;
				CLANG_WARN_INFINITE_RECURSION = YES;
				CLANG_WARN_INT_CONVERSION = YES;
				CLANG_WARN_NON_LITERAL_NULL_CONVERSION = YES;
				CLANG_WARN_OBJC_IMPLICIT_RETAIN_SELF = YES;
				CLANG_WARN_OBJC_LITERAL_CONVERSION = YES;
				CLANG_WARN_OBJC_ROOT_CLASS = YES_ERROR;
				CLANG_WARN_QUOTED_INCLUDE_IN_FRAMEWORK_HEADER = YES;
				CLANG_WARN_RANGE_LOOP_ANALYSIS = YES;
				CLANG_WARN_STRICT_PROTOTYPES = YES;
				CLANG_WARN_SUSPICIOUS_MOVE = YES;
				CLANG_WARN_UNGUARDED_AVAILABILITY = YES_AGGRESSIVE;
				CLANG_WARN_UNREACHABLE_CODE = YES;
				CLANG_WARN__DUPLICATE_METHOD_MATCH = YES;
				COPY_PHASE_STRIP = NO;
				DEBUG_INFORMATION_FORMAT = "dwarf-with-dsym";
				ENABLE_NS_ASSERTIONS = NO;
				ENABLE_STRICT_OBJC_MSGSEND = YES;
				GCC_C_LANGUAGE_STANDARD = gnu11;
				GCC_NO_COMMON_BLOCKS = YES;
				GCC_WARN_64_TO_32_BIT_CONVERSION = YES;
				GCC_WARN_ABOUT_RETURN_TYPE = YES_ERROR;
				GCC_WARN_UNDECLARED_SELECTOR = YES;
				GCC_WARN_UNINITIALIZED_AUTOS = YES_AGGRESSIVE;
				GCC_WARN_UNUSED_FUNCTION = YES;
				GCC_WARN_UNUSED_VARIABLE = YES;
				IPHONEOS_DEPLOYMENT_TARGET = 16.4;
				MTL_ENABLE_DEBUG_INFO = NO;
				MTL_FAST_MATH = YES;
				SDKROOT = iphoneos;
				SWIFT_COMPILATION_MODE = wholemodule;
				SWIFT_OPTIMIZATION_LEVEL = "-O";
				VALIDATE_PRODUCT = YES;
			};
			name = Release;
		};
		3A0E80A52A84F16700F09B71 /* Debug */ = {
			isa = XCBuildConfiguration;
			buildSettings = {
				ASSETCATALOG_COMPILER_APPICON_NAME = AppIcon;
				ASSETCATALOG_COMPILER_GLOBAL_ACCENT_COLOR_NAME = AccentColor;
				CODE_SIGN_STYLE = Automatic;
				CURRENT_PROJECT_VERSION = 1;
				DEVELOPMENT_ASSET_PATHS = "\"ios-sdk-demo/Preview Content\"";
				DEVELOPMENT_TEAM = 66UMZ3A2K2;
				ENABLE_PREVIEWS = YES;
				GENERATE_INFOPLIST_FILE = YES;
				INFOPLIST_KEY_UIApplicationSceneManifest_Generation = YES;
				INFOPLIST_KEY_UIApplicationSupportsIndirectInputEvents = YES;
				INFOPLIST_KEY_UILaunchScreen_Generation = YES;
				INFOPLIST_KEY_UISupportedInterfaceOrientations_iPad = "UIInterfaceOrientationPortrait UIInterfaceOrientationPortraitUpsideDown UIInterfaceOrientationLandscapeLeft UIInterfaceOrientationLandscapeRight";
				INFOPLIST_KEY_UISupportedInterfaceOrientations_iPhone = "UIInterfaceOrientationPortrait UIInterfaceOrientationLandscapeLeft UIInterfaceOrientationLandscapeRight";
				LD_RUNPATH_SEARCH_PATHS = (
					"$(inherited)",
					"@executable_path/Frameworks",
				);
				MARKETING_VERSION = 1.0;
				PRODUCT_BUNDLE_IDENTIFIER = "unipass.custom-auth.ios-sdk-demo";
				PRODUCT_NAME = "$(TARGET_NAME)";
				SWIFT_EMIT_LOC_STRINGS = YES;
				SWIFT_VERSION = 5.0;
				TARGETED_DEVICE_FAMILY = "1,2";
			};
			name = Debug;
		};
		3A0E80A62A84F16700F09B71 /* Release */ = {
			isa = XCBuildConfiguration;
			buildSettings = {
				ASSETCATALOG_COMPILER_APPICON_NAME = AppIcon;
				ASSETCATALOG_COMPILER_GLOBAL_ACCENT_COLOR_NAME = AccentColor;
				CODE_SIGN_STYLE = Automatic;
				CURRENT_PROJECT_VERSION = 1;
				DEVELOPMENT_ASSET_PATHS = "\"ios-sdk-demo/Preview Content\"";
				DEVELOPMENT_TEAM = 66UMZ3A2K2;
				ENABLE_PREVIEWS = YES;
				GENERATE_INFOPLIST_FILE = YES;
				INFOPLIST_KEY_UIApplicationSceneManifest_Generation = YES;
				INFOPLIST_KEY_UIApplicationSupportsIndirectInputEvents = YES;
				INFOPLIST_KEY_UILaunchScreen_Generation = YES;
				INFOPLIST_KEY_UISupportedInterfaceOrientations_iPad = "UIInterfaceOrientationPortrait UIInterfaceOrientationPortraitUpsideDown UIInterfaceOrientationLandscapeLeft UIInterfaceOrientationLandscapeRight";
				INFOPLIST_KEY_UISupportedInterfaceOrientations_iPhone = "UIInterfaceOrientationPortrait UIInterfaceOrientationLandscapeLeft UIInterfaceOrientationLandscapeRight";
				LD_RUNPATH_SEARCH_PATHS = (
					"$(inherited)",
					"@executable_path/Frameworks",
				);
				MARKETING_VERSION = 1.0;
				PRODUCT_BUNDLE_IDENTIFIER = "unipass.custom-auth.ios-sdk-demo";
				PRODUCT_NAME = "$(TARGET_NAME)";
				SWIFT_EMIT_LOC_STRINGS = YES;
				SWIFT_VERSION = 5.0;
				TARGETED_DEVICE_FAMILY = "1,2";
			};
			name = Release;
		};
		3A0E80A82A84F16700F09B71 /* Debug */ = {
			isa = XCBuildConfiguration;
			buildSettings = {
				ALWAYS_EMBED_SWIFT_STANDARD_LIBRARIES = YES;
				BUNDLE_LOADER = "$(TEST_HOST)";
				CODE_SIGN_STYLE = Automatic;
				CURRENT_PROJECT_VERSION = 1;
				DEVELOPMENT_TEAM = 66UMZ3A2K2;
				GENERATE_INFOPLIST_FILE = YES;
				IPHONEOS_DEPLOYMENT_TARGET = 16.4;
				MARKETING_VERSION = 1.0;
				PRODUCT_BUNDLE_IDENTIFIER = "unipass.custom-auth.ios-sdk-demoTests";
				PRODUCT_NAME = "$(TARGET_NAME)";
				SWIFT_EMIT_LOC_STRINGS = NO;
				SWIFT_VERSION = 5.0;
				TARGETED_DEVICE_FAMILY = "1,2";
				TEST_HOST = "$(BUILT_PRODUCTS_DIR)/ios-sdk-demo.app/$(BUNDLE_EXECUTABLE_FOLDER_PATH)/ios-sdk-demo";
			};
			name = Debug;
		};
		3A0E80A92A84F16700F09B71 /* Release */ = {
			isa = XCBuildConfiguration;
			buildSettings = {
				ALWAYS_EMBED_SWIFT_STANDARD_LIBRARIES = YES;
				BUNDLE_LOADER = "$(TEST_HOST)";
				CODE_SIGN_STYLE = Automatic;
				CURRENT_PROJECT_VERSION = 1;
				DEVELOPMENT_TEAM = 66UMZ3A2K2;
				GENERATE_INFOPLIST_FILE = YES;
				IPHONEOS_DEPLOYMENT_TARGET = 16.4;
				MARKETING_VERSION = 1.0;
				PRODUCT_BUNDLE_IDENTIFIER = "unipass.custom-auth.ios-sdk-demoTests";
				PRODUCT_NAME = "$(TARGET_NAME)";
				SWIFT_EMIT_LOC_STRINGS = NO;
				SWIFT_VERSION = 5.0;
				TARGETED_DEVICE_FAMILY = "1,2";
				TEST_HOST = "$(BUILT_PRODUCTS_DIR)/ios-sdk-demo.app/$(BUNDLE_EXECUTABLE_FOLDER_PATH)/ios-sdk-demo";
			};
			name = Release;
		};
		3A0E80AB2A84F16700F09B71 /* Debug */ = {
			isa = XCBuildConfiguration;
			buildSettings = {
				ALWAYS_EMBED_SWIFT_STANDARD_LIBRARIES = YES;
				CODE_SIGN_STYLE = Automatic;
				CURRENT_PROJECT_VERSION = 1;
				DEVELOPMENT_TEAM = 66UMZ3A2K2;
				GENERATE_INFOPLIST_FILE = YES;
				MARKETING_VERSION = 1.0;
				PRODUCT_BUNDLE_IDENTIFIER = "unipass.custom-auth.ios-sdk-demoUITests";
				PRODUCT_NAME = "$(TARGET_NAME)";
				SWIFT_EMIT_LOC_STRINGS = NO;
				SWIFT_VERSION = 5.0;
				TARGETED_DEVICE_FAMILY = "1,2";
				TEST_TARGET_NAME = "ios-sdk-demo";
			};
			name = Debug;
		};
		3A0E80AC2A84F16700F09B71 /* Release */ = {
			isa = XCBuildConfiguration;
			buildSettings = {
				ALWAYS_EMBED_SWIFT_STANDARD_LIBRARIES = YES;
				CODE_SIGN_STYLE = Automatic;
				CURRENT_PROJECT_VERSION = 1;
				DEVELOPMENT_TEAM = 66UMZ3A2K2;
				GENERATE_INFOPLIST_FILE = YES;
				MARKETING_VERSION = 1.0;
				PRODUCT_BUNDLE_IDENTIFIER = "unipass.custom-auth.ios-sdk-demoUITests";
				PRODUCT_NAME = "$(TARGET_NAME)";
				SWIFT_EMIT_LOC_STRINGS = NO;
				SWIFT_VERSION = 5.0;
				TARGETED_DEVICE_FAMILY = "1,2";
				TEST_TARGET_NAME = "ios-sdk-demo";
			};
			name = Release;
		};
/* End XCBuildConfiguration section */

/* Begin XCConfigurationList section */
		3A0E807B2A84F16600F09B71 /* Build configuration list for PBXProject "ios-sdk-demo" */ = {
			isa = XCConfigurationList;
			buildConfigurations = (
				3A0E80A22A84F16700F09B71 /* Debug */,
				3A0E80A32A84F16700F09B71 /* Release */,
			);
			defaultConfigurationIsVisible = 0;
			defaultConfigurationName = Release;
		};
		3A0E80A42A84F16700F09B71 /* Build configuration list for PBXNativeTarget "ios-sdk-demo" */ = {
			isa = XCConfigurationList;
			buildConfigurations = (
				3A0E80A52A84F16700F09B71 /* Debug */,
				3A0E80A62A84F16700F09B71 /* Release */,
			);
			defaultConfigurationIsVisible = 0;
			defaultConfigurationName = Release;
		};
		3A0E80A72A84F16700F09B71 /* Build configuration list for PBXNativeTarget "ios-sdk-demoTests" */ = {
			isa = XCConfigurationList;
			buildConfigurations = (
				3A0E80A82A84F16700F09B71 /* Debug */,
				3A0E80A92A84F16700F09B71 /* Release */,
			);
			defaultConfigurationIsVisible = 0;
			defaultConfigurationName = Release;
		};
		3A0E80AA2A84F16700F09B71 /* Build configuration list for PBXNativeTarget "ios-sdk-demoUITests" */ = {
			isa = XCConfigurationList;
			buildConfigurations = (
				3A0E80AB2A84F16700F09B71 /* Debug */,
				3A0E80AC2A84F16700F09B71 /* Release */,
			);
			defaultConfigurationIsVisible = 0;
			defaultConfigurationName = Release;
		};
/* End XCConfigurationList section */

/* Begin XCRemoteSwiftPackageReference section */
		3A0E80B32A85030300F09B71 /* XCRemoteSwiftPackageReference "ios-custom-auth-sdk" */ = {
			isa = XCRemoteSwiftPackageReference;
			repositoryURL = "https://github.com/UniPassID/ios-custom-auth-sdk.git";
			requirement = {
				kind = exactVersion;
				version = "0.0.1-alpha.15";
			};
		};
/* End XCRemoteSwiftPackageReference section */

/* Begin XCSwiftPackageProductDependency section */
		3A0E80B42A85030300F09B71 /* ios-custom-auth-auth-sdk */ = {
			isa = XCSwiftPackageProductDependency;
			package = 3A0E80B32A85030300F09B71 /* XCRemoteSwiftPackageReference "ios-custom-auth-sdk" */;
			productName = "ios-custom-auth-auth-sdk";
		};
/* End XCSwiftPackageProductDependency section */
	};
	rootObject = 3A0E80782A84F16600F09B71 /* Project object */;
}
